
Microsoft Visual Studio Solution File, Format Version 12.00
# Visual Studio Version 16
VisualStudioVersion = 16.0.30717.126
MinimumVisualStudioVersion = 10.0.40219.1
Project("{FAE04EC0-301F-11D3-BF4B-00C04F79EFBC}") = "CryoMod", "CryoMod.csproj", "{C6347969-77E0-4B3B-8938-265C16F1BCE9}"
EndProject
Global
	GlobalSection(SolutionConfigurationPlatforms) = preSolution
		Debug|Any CPU = Debug|Any CPU
		Release|Any CPU = Release|Any CPU
	EndGlobalSection
	GlobalSection(ProjectConfigurationPlatforms) = postSolution
		{C6347969-77E0-4B3B-8938-265C16F1BCE9}.Debug|Any CPU.ActiveCfg = Debug|Any CPU
		{C6347969-77E0-4B3B-8938-265C16F1BCE9}.Debug|Any CPU.Build.0 = Debug|Any CPU
		{C6347969-77E0-4B3B-8938-265C16F1BCE9}.Release|Any CPU.ActiveCfg = Release|Any CPU
		{C6347969-77E0-4B3B-8938-265C16F1BCE9}.Release|Any CPU.Build.0 = Release|Any CPU
	EndGlobalSection
	GlobalSection(SolutionProperties) = preSolution
		HideSolutionNode = FALSE
	EndGlobalSection
	GlobalSection(ExtensibilityGlobals) = postSolution
		SolutionGuid = {E18AE25C-8C09-4E6D-A099-266C9323F3C0}
	EndGlobalSection
EndGlobal
